// !$*UTF8*$!
{
	archiveVersion = 1;
	classes = {
	};
	objectVersion = 50;
	objects = {

/* Begin PBXBuildFile section */
		544222F567C6A7FA34F36550 /* libPods-YHAsynDisplayKitDemo.a in Frameworks */ = {isa = PBXBuildFile; fileRef = 71AE86F2810FD968B532FC01 /* libPods-YHAsynDisplayKitDemo.a */; };
		600A62F52448AC3500AEC167 /* BaseUseViewController.swift in Sources */ = {isa = PBXBuildFile; fileRef = 600A62F42448AC3500AEC167 /* BaseUseViewController.swift */; };
		603C6E4D24516971000B339A /* orderlist.json in Resources */ = {isa = PBXBuildFile; fileRef = 603C6E4A24516971000B339A /* orderlist.json */; };
		6056F254244AE29700191882 /* story_icon.png in Resources */ = {isa = PBXBuildFile; fileRef = 6056F253244AE29700191882 /* story_icon.png */; };
		6056F259245D3EA000191882 /* Media.xcassets in Resources */ = {isa = PBXBuildFile; fileRef = 6056F258245D3EA000191882 /* Media.xcassets */; };
		6056F25F245D402500191882 /* assert.xcassets in Resources */ = {isa = PBXBuildFile; fileRef = 6056F25E245D402500191882 /* assert.xcassets */; };
		6056F262245D409700191882 /* icon_arrow_store@3x.png in Resources */ = {isa = PBXBuildFile; fileRef = 6056F260245D409700191882 /* icon_arrow_store@3x.png */; };
		6056F263245D409700191882 /* icon_arrow_store@2x.png in Resources */ = {isa = PBXBuildFile; fileRef = 6056F261245D409700191882 /* icon_arrow_store@2x.png */; };
		60C30D352452E6620083B248 /* DemoOrderListCell.swift in Sources */ = {isa = PBXBuildFile; fileRef = 60C30D342452E6620083B248 /* DemoOrderListCell.swift */; };
		60C30D372452E6780083B248 /* DemoOrderListViewController.swift in Sources */ = {isa = PBXBuildFile; fileRef = 60C30D362452E6780083B248 /* DemoOrderListViewController.swift */; };
		60C30D392452E6980083B248 /* DemoOrderCellData.swift in Sources */ = {isa = PBXBuildFile; fileRef = 60C30D382452E6980083B248 /* DemoOrderCellData.swift */; };
		60C30D3B2452E6B30083B248 /* DemoOrderModel.swift in Sources */ = {isa = PBXBuildFile; fileRef = 60C30D3A2452E6B30083B248 /* DemoOrderModel.swift */; };
		60C30D3D2452E9230083B248 /* DemoOrderListViewModel.swift in Sources */ = {isa = PBXBuildFile; fileRef = 60C30D3C2452E9230083B248 /* DemoOrderListViewModel.swift */; };
		60C30D3F2452E93D0083B248 /* DemoOrderListEngine.swift in Sources */ = {isa = PBXBuildFile; fileRef = 60C30D3E2452E93D0083B248 /* DemoOrderListEngine.swift */; };
		60C30D42245562420083B248 /* YHAsyncListTextView.swift in Sources */ = {isa = PBXBuildFile; fileRef = 60C30D41245562420083B248 /* YHAsyncListTextView.swift */; };
		60C30D4A2455995D0083B248 /* YHAsyncObject.m in Sources */ = {isa = PBXBuildFile; fileRef = 60C30D492455995D0083B248 /* YHAsyncObject.m */; };
		60C7167E242FA68C0095D8D3 /* AppDelegate.swift in Sources */ = {isa = PBXBuildFile; fileRef = 60C7167D242FA68C0095D8D3 /* AppDelegate.swift */; };
		60C71680242FA68C0095D8D3 /* ViewController.swift in Sources */ = {isa = PBXBuildFile; fileRef = 60C7167F242FA68C0095D8D3 /* ViewController.swift */; };
		60C71683242FA68C0095D8D3 /* Main.storyboard in Resources */ = {isa = PBXBuildFile; fileRef = 60C71681242FA68C0095D8D3 /* Main.storyboard */; };
		60C71688242FA68D0095D8D3 /* LaunchScreen.storyboard in Resources */ = {isa = PBXBuildFile; fileRef = 60C71686242FA68D0095D8D3 /* LaunchScreen.storyboard */; };
		60C71693242FA68D0095D8D3 /* YHAsynDisplayKitDemoTests.swift in Sources */ = {isa = PBXBuildFile; fileRef = 60C71692242FA68D0095D8D3 /* YHAsynDisplayKitDemoTests.swift */; };
		60C7169E242FA68D0095D8D3 /* YHAsynDisplayKitDemoUITests.swift in Sources */ = {isa = PBXBuildFile; fileRef = 60C7169D242FA68D0095D8D3 /* YHAsynDisplayKitDemoUITests.swift */; };
/* End PBXBuildFile section */

/* Begin PBXContainerItemProxy section */
		60C7168F242FA68D0095D8D3 /* PBXContainerItemProxy */ = {
			isa = PBXContainerItemProxy;
			containerPortal = 60C71672242FA68C0095D8D3 /* Project object */;
			proxyType = 1;
			remoteGlobalIDString = 60C71679242FA68C0095D8D3;
			remoteInfo = YHAsynDisplayKitDemo;
		};
		60C7169A242FA68D0095D8D3 /* PBXContainerItemProxy */ = {
			isa = PBXContainerItemProxy;
			containerPortal = 60C71672242FA68C0095D8D3 /* Project object */;
			proxyType = 1;
			remoteGlobalIDString = 60C71679242FA68C0095D8D3;
			remoteInfo = YHAsynDisplayKitDemo;
		};
/* End PBXContainerItemProxy section */

/* Begin PBXFileReference section */
		4B9E66166D84D4CE338BF69D /* Pods-YHAsynDisplayKitDemo.debug.xcconfig */ = {isa = PBXFileReference; includeInIndex = 1; lastKnownFileType = text.xcconfig; name = "Pods-YHAsynDisplayKitDemo.debug.xcconfig"; path = "Target Support Files/Pods-YHAsynDisplayKitDemo/Pods-YHAsynDisplayKitDemo.debug.xcconfig"; sourceTree = "<group>"; };
		600A62F42448AC3500AEC167 /* BaseUseViewController.swift */ = {isa = PBXFileReference; lastKnownFileType = sourcecode.swift; path = BaseUseViewController.swift; sourceTree = "<group>"; };
		603C6E4A24516971000B339A /* orderlist.json */ = {isa = PBXFileReference; fileEncoding = 4; lastKnownFileType = text.json; path = orderlist.json; sourceTree = "<group>"; };
		6056F253244AE29700191882 /* story_icon.png */ = {isa = PBXFileReference; lastKnownFileType = image.png; path = story_icon.png; sourceTree = "<group>"; };
		6056F258245D3EA000191882 /* Media.xcassets */ = {isa = PBXFileReference; lastKnownFileType = folder.assetcatalog; path = Media.xcassets; sourceTree = "<group>"; };
		6056F25E245D402500191882 /* assert.xcassets */ = {isa = PBXFileReference; lastKnownFileType = folder.assetcatalog; path = assert.xcassets; sourceTree = "<group>"; };
		6056F260245D409700191882 /* icon_arrow_store@3x.png */ = {isa = PBXFileReference; lastKnownFileType = image.png; path = "icon_arrow_store@3x.png"; sourceTree = "<group>"; };
		6056F261245D409700191882 /* icon_arrow_store@2x.png */ = {isa = PBXFileReference; lastKnownFileType = image.png; path = "icon_arrow_store@2x.png"; sourceTree = "<group>"; };
		60C30D342452E6620083B248 /* DemoOrderListCell.swift */ = {isa = PBXFileReference; lastKnownFileType = sourcecode.swift; path = DemoOrderListCell.swift; sourceTree = "<group>"; };
		60C30D362452E6780083B248 /* DemoOrderListViewController.swift */ = {isa = PBXFileReference; lastKnownFileType = sourcecode.swift; path = DemoOrderListViewController.swift; sourceTree = "<group>"; };
		60C30D382452E6980083B248 /* DemoOrderCellData.swift */ = {isa = PBXFileReference; lastKnownFileType = sourcecode.swift; path = DemoOrderCellData.swift; sourceTree = "<group>"; };
		60C30D3A2452E6B30083B248 /* DemoOrderModel.swift */ = {isa = PBXFileReference; lastKnownFileType = sourcecode.swift; path = DemoOrderModel.swift; sourceTree = "<group>"; };
		60C30D3C2452E9230083B248 /* DemoOrderListViewModel.swift */ = {isa = PBXFileReference; lastKnownFileType = sourcecode.swift; path = DemoOrderListViewModel.swift; sourceTree = "<group>"; };
		60C30D3E2452E93D0083B248 /* DemoOrderListEngine.swift */ = {isa = PBXFileReference; lastKnownFileType = sourcecode.swift; path = DemoOrderListEngine.swift; sourceTree = "<group>"; };
		60C30D41245562420083B248 /* YHAsyncListTextView.swift */ = {isa = PBXFileReference; lastKnownFileType = sourcecode.swift; path = YHAsyncListTextView.swift; sourceTree = "<group>"; };
		60C30D472455995C0083B248 /* YHAsynDisplayKitDemo-Bridging-Header.h */ = {isa = PBXFileReference; lastKnownFileType = sourcecode.c.h; path = "YHAsynDisplayKitDemo-Bridging-Header.h"; sourceTree = "<group>"; };
		60C30D482455995D0083B248 /* YHAsyncObject.h */ = {isa = PBXFileReference; lastKnownFileType = sourcecode.c.h; path = YHAsyncObject.h; sourceTree = "<group>"; };
		60C30D492455995D0083B248 /* YHAsyncObject.m */ = {isa = PBXFileReference; lastKnownFileType = sourcecode.c.objc; path = YHAsyncObject.m; sourceTree = "<group>"; };
		60C7167A242FA68C0095D8D3 /* YHAsynDisplayKitDemo.app */ = {isa = PBXFileReference; explicitFileType = wrapper.application; includeInIndex = 0; path = YHAsynDisplayKitDemo.app; sourceTree = BUILT_PRODUCTS_DIR; };
		60C7167D242FA68C0095D8D3 /* AppDelegate.swift */ = {isa = PBXFileReference; lastKnownFileType = sourcecode.swift; path = AppDelegate.swift; sourceTree = "<group>"; };
		60C7167F242FA68C0095D8D3 /* ViewController.swift */ = {isa = PBXFileReference; lastKnownFileType = sourcecode.swift; path = ViewController.swift; sourceTree = "<group>"; };
		60C71682242FA68C0095D8D3 /* Base */ = {isa = PBXFileReference; lastKnownFileType = file.storyboard; name = Base; path = Base.lproj/Main.storyboard; sourceTree = "<group>"; };
		60C71687242FA68D0095D8D3 /* Base */ = {isa = PBXFileReference; lastKnownFileType = file.storyboard; name = Base; path = Base.lproj/LaunchScreen.storyboard; sourceTree = "<group>"; };
		60C71689242FA68D0095D8D3 /* Info.plist */ = {isa = PBXFileReference; lastKnownFileType = text.plist.xml; path = Info.plist; sourceTree = "<group>"; };
		60C7168E242FA68D0095D8D3 /* YHAsynDisplayKitDemoTests.xctest */ = {isa = PBXFileReference; explicitFileType = wrapper.cfbundle; includeInIndex = 0; path = YHAsynDisplayKitDemoTests.xctest; sourceTree = BUILT_PRODUCTS_DIR; };
		60C71692242FA68D0095D8D3 /* YHAsynDisplayKitDemoTests.swift */ = {isa = PBXFileReference; lastKnownFileType = sourcecode.swift; path = YHAsynDisplayKitDemoTests.swift; sourceTree = "<group>"; };
		60C71694242FA68D0095D8D3 /* Info.plist */ = {isa = PBXFileReference; lastKnownFileType = text.plist.xml; path = Info.plist; sourceTree = "<group>"; };
		60C71699242FA68D0095D8D3 /* YHAsynDisplayKitDemoUITests.xctest */ = {isa = PBXFileReference; explicitFileType = wrapper.cfbundle; includeInIndex = 0; path = YHAsynDisplayKitDemoUITests.xctest; sourceTree = BUILT_PRODUCTS_DIR; };
		60C7169D242FA68D0095D8D3 /* YHAsynDisplayKitDemoUITests.swift */ = {isa = PBXFileReference; lastKnownFileType = sourcecode.swift; path = YHAsynDisplayKitDemoUITests.swift; sourceTree = "<group>"; };
		60C7169F242FA68D0095D8D3 /* Info.plist */ = {isa = PBXFileReference; lastKnownFileType = text.plist.xml; path = Info.plist; sourceTree = "<group>"; };
		71AE86F2810FD968B532FC01 /* libPods-YHAsynDisplayKitDemo.a */ = {isa = PBXFileReference; explicitFileType = archive.ar; includeInIndex = 0; path = "libPods-YHAsynDisplayKitDemo.a"; sourceTree = BUILT_PRODUCTS_DIR; };
		7560721BC8D00EB7F25BF3BA /* Pods-YHAsynDisplayKitDemo.release.xcconfig */ = {isa = PBXFileReference; includeInIndex = 1; lastKnownFileType = text.xcconfig; name = "Pods-YHAsynDisplayKitDemo.release.xcconfig"; path = "Target Support Files/Pods-YHAsynDisplayKitDemo/Pods-YHAsynDisplayKitDemo.release.xcconfig"; sourceTree = "<group>"; };
/* End PBXFileReference section */

/* Begin PBXFrameworksBuildPhase section */
		60C71677242FA68C0095D8D3 /* Frameworks */ = {
			isa = PBXFrameworksBuildPhase;
			buildActionMask = 2147483647;
			files = (
				544222F567C6A7FA34F36550 /* libPods-YHAsynDisplayKitDemo.a in Frameworks */,
			);
			runOnlyForDeploymentPostprocessing = 0;
		};
		60C7168B242FA68D0095D8D3 /* Frameworks */ = {
			isa = PBXFrameworksBuildPhase;
			buildActionMask = 2147483647;
			files = (
			);
			runOnlyForDeploymentPostprocessing = 0;
		};
		60C71696242FA68D0095D8D3 /* Frameworks */ = {
			isa = PBXFrameworksBuildPhase;
			buildActionMask = 2147483647;
			files = (
			);
			runOnlyForDeploymentPostprocessing = 0;
		};
/* End PBXFrameworksBuildPhase section */

/* Begin PBXGroup section */
		603C6E45245130D9000B339A /* OrderList */ = {
			isa = PBXGroup;
			children = (
				603C6E47245130FC000B339A /* Class */,
				603C6E46245130E6000B339A /* Resource */,
			);
			path = OrderList;
			sourceTree = "<group>";
		};
		603C6E46245130E6000B339A /* Resource */ = {
			isa = PBXGroup;
			children = (
				6056F261245D409700191882 /* icon_arrow_store@2x.png */,
				6056F260245D409700191882 /* icon_arrow_store@3x.png */,
				603C6E4A24516971000B339A /* orderlist.json */,
			);
			path = Resource;
			sourceTree = "<group>";
		};
		603C6E47245130FC000B339A /* Class */ = {
			isa = PBXGroup;
			children = (
				60C30D342452E6620083B248 /* DemoOrderListCell.swift */,
				60C30D362452E6780083B248 /* DemoOrderListViewController.swift */,
				60C30D382452E6980083B248 /* DemoOrderCellData.swift */,
				60C30D3A2452E6B30083B248 /* DemoOrderModel.swift */,
				60C30D3C2452E9230083B248 /* DemoOrderListViewModel.swift */,
				60C30D3E2452E93D0083B248 /* DemoOrderListEngine.swift */,
			);
			path = Class;
			sourceTree = "<group>";
		};
		6056F251244AE26500191882 /* DemonViewController */ = {
			isa = PBXGroup;
			children = (
				6056F252244AE28700191882 /* Resource */,
			);
			path = DemonViewController;
			sourceTree = "<group>";
		};
		6056F252244AE28700191882 /* Resource */ = {
			isa = PBXGroup;
			children = (
				6056F253244AE29700191882 /* story_icon.png */,
			);
			path = Resource;
			sourceTree = "<group>";
		};
		60C30D40245562270083B248 /* List */ = {
			isa = PBXGroup;
			children = (
				60C30D41245562420083B248 /* YHAsyncListTextView.swift */,
			);
			path = List;
			sourceTree = "<group>";
		};
		60C71671242FA68C0095D8D3 = {
			isa = PBXGroup;
			children = (
				6056F25E245D402500191882 /* assert.xcassets */,
				60C7167C242FA68C0095D8D3 /* YHAsynDisplayKitDemo */,
				60C71691242FA68D0095D8D3 /* YHAsynDisplayKitDemoTests */,
				60C7169C242FA68D0095D8D3 /* YHAsynDisplayKitDemoUITests */,
				60C7167B242FA68C0095D8D3 /* Products */,
				80D03D4AE71FC26FE22AF008 /* Pods */,
				FACEF07F9B717DF8D129788A /* Frameworks */,
			);
			sourceTree = "<group>";
		};
		60C7167B242FA68C0095D8D3 /* Products */ = {
			isa = PBXGroup;
			children = (
				60C7167A242FA68C0095D8D3 /* YHAsynDisplayKitDemo.app */,
				60C7168E242FA68D0095D8D3 /* YHAsynDisplayKitDemoTests.xctest */,
				60C71699242FA68D0095D8D3 /* YHAsynDisplayKitDemoUITests.xctest */,
			);
			name = Products;
			sourceTree = "<group>";
		};
		60C7167C242FA68C0095D8D3 /* YHAsynDisplayKitDemo */ = {
			isa = PBXGroup;
			children = (
				60C30D40245562270083B248 /* List */,
				603C6E45245130D9000B339A /* OrderList */,
				6056F251244AE26500191882 /* DemonViewController */,
				60C7167D242FA68C0095D8D3 /* AppDelegate.swift */,
				60C7167F242FA68C0095D8D3 /* ViewController.swift */,
				60C71681242FA68C0095D8D3 /* Main.storyboard */,
				60C71686242FA68D0095D8D3 /* LaunchScreen.storyboard */,
				60C71689242FA68D0095D8D3 /* Info.plist */,
				600A62F42448AC3500AEC167 /* BaseUseViewController.swift */,
				60C30D482455995D0083B248 /* YHAsyncObject.h */,
				60C30D492455995D0083B248 /* YHAsyncObject.m */,
				60C30D472455995C0083B248 /* YHAsynDisplayKitDemo-Bridging-Header.h */,
				6056F258245D3EA000191882 /* Media.xcassets */,
			);
			path = YHAsynDisplayKitDemo;
			sourceTree = "<group>";
		};
		60C71691242FA68D0095D8D3 /* YHAsynDisplayKitDemoTests */ = {
			isa = PBXGroup;
			children = (
				60C71692242FA68D0095D8D3 /* YHAsynDisplayKitDemoTests.swift */,
				60C71694242FA68D0095D8D3 /* Info.plist */,
			);
			path = YHAsynDisplayKitDemoTests;
			sourceTree = "<group>";
		};
		60C7169C242FA68D0095D8D3 /* YHAsynDisplayKitDemoUITests */ = {
			isa = PBXGroup;
			children = (
				60C7169D242FA68D0095D8D3 /* YHAsynDisplayKitDemoUITests.swift */,
				60C7169F242FA68D0095D8D3 /* Info.plist */,
			);
			path = YHAsynDisplayKitDemoUITests;
			sourceTree = "<group>";
		};
		80D03D4AE71FC26FE22AF008 /* Pods */ = {
			isa = PBXGroup;
			children = (
				4B9E66166D84D4CE338BF69D /* Pods-YHAsynDisplayKitDemo.debug.xcconfig */,
				7560721BC8D00EB7F25BF3BA /* Pods-YHAsynDisplayKitDemo.release.xcconfig */,
			);
			path = Pods;
			sourceTree = "<group>";
		};
		FACEF07F9B717DF8D129788A /* Frameworks */ = {
			isa = PBXGroup;
			children = (
				71AE86F2810FD968B532FC01 /* libPods-YHAsynDisplayKitDemo.a */,
			);
			name = Frameworks;
			sourceTree = "<group>";
		};
/* End PBXGroup section */

/* Begin PBXNativeTarget section */
		60C71679242FA68C0095D8D3 /* YHAsynDisplayKitDemo */ = {
			isa = PBXNativeTarget;
			buildConfigurationList = 60C716A2242FA68D0095D8D3 /* Build configuration list for PBXNativeTarget "YHAsynDisplayKitDemo" */;
			buildPhases = (
				F4FC654D30493CC549A45FF3 /* [CP] Check Pods Manifest.lock */,
				60C71676242FA68C0095D8D3 /* Sources */,
				60C71677242FA68C0095D8D3 /* Frameworks */,
				60C71678242FA68C0095D8D3 /* Resources */,
			);
			buildRules = (
			);
			dependencies = (
			);
			name = YHAsynDisplayKitDemo;
			productName = YHAsynDisplayKitDemo;
			productReference = 60C7167A242FA68C0095D8D3 /* YHAsynDisplayKitDemo.app */;
			productType = "com.apple.product-type.application";
		};
		60C7168D242FA68D0095D8D3 /* YHAsynDisplayKitDemoTests */ = {
			isa = PBXNativeTarget;
			buildConfigurationList = 60C716A5242FA68D0095D8D3 /* Build configuration list for PBXNativeTarget "YHAsynDisplayKitDemoTests" */;
			buildPhases = (
				60C7168A242FA68D0095D8D3 /* Sources */,
				60C7168B242FA68D0095D8D3 /* Frameworks */,
				60C7168C242FA68D0095D8D3 /* Resources */,
			);
			buildRules = (
			);
			dependencies = (
				60C71690242FA68D0095D8D3 /* PBXTargetDependency */,
			);
			name = YHAsynDisplayKitDemoTests;
			productName = YHAsynDisplayKitDemoTests;
			productReference = 60C7168E242FA68D0095D8D3 /* YHAsynDisplayKitDemoTests.xctest */;
			productType = "com.apple.product-type.bundle.unit-test";
		};
		60C71698242FA68D0095D8D3 /* YHAsynDisplayKitDemoUITests */ = {
			isa = PBXNativeTarget;
			buildConfigurationList = 60C716A8242FA68D0095D8D3 /* Build configuration list for PBXNativeTarget "YHAsynDisplayKitDemoUITests" */;
			buildPhases = (
				60C71695242FA68D0095D8D3 /* Sources */,
				60C71696242FA68D0095D8D3 /* Frameworks */,
				60C71697242FA68D0095D8D3 /* Resources */,
			);
			buildRules = (
			);
			dependencies = (
				60C7169B242FA68D0095D8D3 /* PBXTargetDependency */,
			);
			name = YHAsynDisplayKitDemoUITests;
			productName = YHAsynDisplayKitDemoUITests;
			productReference = 60C71699242FA68D0095D8D3 /* YHAsynDisplayKitDemoUITests.xctest */;
			productType = "com.apple.product-type.bundle.ui-testing";
		};
/* End PBXNativeTarget section */

/* Begin PBXProject section */
		60C71672242FA68C0095D8D3 /* Project object */ = {
			isa = PBXProject;
			attributes = {
				LastSwiftUpdateCheck = 1030;
				LastUpgradeCheck = 1030;
				ORGANIZATIONNAME = YH;
				TargetAttributes = {
					60C71679242FA68C0095D8D3 = {
						CreatedOnToolsVersion = 10.3;
						LastSwiftMigration = 1130;
					};
					60C7168D242FA68D0095D8D3 = {
						CreatedOnToolsVersion = 10.3;
						TestTargetID = 60C71679242FA68C0095D8D3;
					};
					60C71698242FA68D0095D8D3 = {
						CreatedOnToolsVersion = 10.3;
						TestTargetID = 60C71679242FA68C0095D8D3;
					};
				};
			};
			buildConfigurationList = 60C71675242FA68C0095D8D3 /* Build configuration list for PBXProject "YHAsynDisplayKitDemo" */;
			compatibilityVersion = "Xcode 9.3";
			developmentRegion = en;
			hasScannedForEncodings = 0;
			knownRegions = (
				en,
				Base,
			);
			mainGroup = 60C71671242FA68C0095D8D3;
			productRefGroup = 60C7167B242FA68C0095D8D3 /* Products */;
			projectDirPath = "";
			projectRoot = "";
			targets = (
				60C71679242FA68C0095D8D3 /* YHAsynDisplayKitDemo */,
				60C7168D242FA68D0095D8D3 /* YHAsynDisplayKitDemoTests */,
				60C71698242FA68D0095D8D3 /* YHAsynDisplayKitDemoUITests */,
			);
		};
/* End PBXProject section */

/* Begin PBXResourcesBuildPhase section */
		60C71678242FA68C0095D8D3 /* Resources */ = {
			isa = PBXResourcesBuildPhase;
			buildActionMask = 2147483647;
			files = (
				6056F262245D409700191882 /* icon_arrow_store@3x.png in Resources */,
				60C71688242FA68D0095D8D3 /* LaunchScreen.storyboard in Resources */,
				6056F25F245D402500191882 /* assert.xcassets in Resources */,
				6056F263245D409700191882 /* icon_arrow_store@2x.png in Resources */,
				6056F259245D3EA000191882 /* Media.xcassets in Resources */,
				603C6E4D24516971000B339A /* orderlist.json in Resources */,
				6056F254244AE29700191882 /* story_icon.png in Resources */,
				60C71683242FA68C0095D8D3 /* Main.storyboard in Resources */,
			);
			runOnlyForDeploymentPostprocessing = 0;
		};
		60C7168C242FA68D0095D8D3 /* Resources */ = {
			isa = PBXResourcesBuildPhase;
			buildActionMask = 2147483647;
			files = (
			);
			runOnlyForDeploymentPostprocessing = 0;
		};
		60C71697242FA68D0095D8D3 /* Resources */ = {
			isa = PBXResourcesBuildPhase;
			buildActionMask = 2147483647;
			files = (
			);
			runOnlyForDeploymentPostprocessing = 0;
		};
/* End PBXResourcesBuildPhase section */

/* Begin PBXShellScriptBuildPhase section */
		F4FC654D30493CC549A45FF3 /* [CP] Check Pods Manifest.lock */ = {
			isa = PBXShellScriptBuildPhase;
			buildActionMask = 2147483647;
			files = (
			);
			inputFileListPaths = (
			);
			inputPaths = (
				"${PODS_PODFILE_DIR_PATH}/Podfile.lock",
				"${PODS_ROOT}/Manifest.lock",
			);
			name = "[CP] Check Pods Manifest.lock";
			outputFileListPaths = (
			);
			outputPaths = (
				"$(DERIVED_FILE_DIR)/Pods-YHAsynDisplayKitDemo-checkManifestLockResult.txt",
			);
			runOnlyForDeploymentPostprocessing = 0;
			shellPath = /bin/sh;
			shellScript = "diff \"${PODS_PODFILE_DIR_PATH}/Podfile.lock\" \"${PODS_ROOT}/Manifest.lock\" > /dev/null\nif [ $? != 0 ] ; then\n    # print error to STDERR\n    echo \"error: The sandbox is not in sync with the Podfile.lock. Run 'pod install' or update your CocoaPods installation.\" >&2\n    exit 1\nfi\n# This output is used by Xcode 'outputs' to avoid re-running this script phase.\necho \"SUCCESS\" > \"${SCRIPT_OUTPUT_FILE_0}\"\n";
			showEnvVarsInLog = 0;
		};
/* End PBXShellScriptBuildPhase section */

/* Begin PBXSourcesBuildPhase section */
		60C71676242FA68C0095D8D3 /* Sources */ = {
			isa = PBXSourcesBuildPhase;
			buildActionMask = 2147483647;
			files = (
				60C30D3D2452E9230083B248 /* DemoOrderListViewModel.swift in Sources */,
				60C71680242FA68C0095D8D3 /* ViewController.swift in Sources */,
				60C7167E242FA68C0095D8D3 /* AppDelegate.swift in Sources */,
				60C30D372452E6780083B248 /* DemoOrderListViewController.swift in Sources */,
				60C30D3B2452E6B30083B248 /* DemoOrderModel.swift in Sources */,
				60C30D42245562420083B248 /* YHAsyncListTextView.swift in Sources */,
				60C30D3F2452E93D0083B248 /* DemoOrderListEngine.swift in Sources */,
				60C30D392452E6980083B248 /* DemoOrderCellData.swift in Sources */,
				600A62F52448AC3500AEC167 /* BaseUseViewController.swift in Sources */,
				60C30D352452E6620083B248 /* DemoOrderListCell.swift in Sources */,
				60C30D4A2455995D0083B248 /* YHAsyncObject.m in Sources */,
			);
			runOnlyForDeploymentPostprocessing = 0;
		};
		60C7168A242FA68D0095D8D3 /* Sources */ = {
			isa = PBXSourcesBuildPhase;
			buildActionMask = 2147483647;
			files = (
				60C71693242FA68D0095D8D3 /* YHAsynDisplayKitDemoTests.swift in Sources */,
			);
			runOnlyForDeploymentPostprocessing = 0;
		};
		60C71695242FA68D0095D8D3 /* Sources */ = {
			isa = PBXSourcesBuildPhase;
			buildActionMask = 2147483647;
			files = (
				60C7169E242FA68D0095D8D3 /* YHAsynDisplayKitDemoUITests.swift in Sources */,
			);
			runOnlyForDeploymentPostprocessing = 0;
		};
/* End PBXSourcesBuildPhase section */

/* Begin PBXTargetDependency section */
		60C71690242FA68D0095D8D3 /* PBXTargetDependency */ = {
			isa = PBXTargetDependency;
			target = 60C71679242FA68C0095D8D3 /* YHAsynDisplayKitDemo */;
			targetProxy = 60C7168F242FA68D0095D8D3 /* PBXContainerItemProxy */;
		};
		60C7169B242FA68D0095D8D3 /* PBXTargetDependency */ = {
			isa = PBXTargetDependency;
			target = 60C71679242FA68C0095D8D3 /* YHAsynDisplayKitDemo */;
			targetProxy = 60C7169A242FA68D0095D8D3 /* PBXContainerItemProxy */;
		};
/* End PBXTargetDependency section */

/* Begin PBXVariantGroup section */
		60C71681242FA68C0095D8D3 /* Main.storyboard */ = {
			isa = PBXVariantGroup;
			children = (
				60C71682242FA68C0095D8D3 /* Base */,
			);
			name = Main.storyboard;
			sourceTree = "<group>";
		};
		60C71686242FA68D0095D8D3 /* LaunchScreen.storyboard */ = {
			isa = PBXVariantGroup;
			children = (
				60C71687242FA68D0095D8D3 /* Base */,
			);
			name = LaunchScreen.storyboard;
			sourceTree = "<group>";
		};
/* End PBXVariantGroup section */

/* Begin XCBuildConfiguration section */
		60C716A0242FA68D0095D8D3 /* Debug */ = {
			isa = XCBuildConfiguration;
			buildSettings = {
				ALWAYS_SEARCH_USER_PATHS = NO;
				CLANG_ANALYZER_NONNULL = YES;
				CLANG_ANALYZER_NUMBER_OBJECT_CONVERSION = YES_AGGRESSIVE;
				CLANG_CXX_LANGUAGE_STANDARD = "gnu++14";
				CLANG_CXX_LIBRARY = "libc++";
				CLANG_ENABLE_MODULES = YES;
				CLANG_ENABLE_OBJC_ARC = YES;
				CLANG_ENABLE_OBJC_WEAK = YES;
				CLANG_WARN_BLOCK_CAPTURE_AUTORELEASING = YES;
				CLANG_WARN_BOOL_CONVERSION = YES;
				CLANG_WARN_COMMA = YES;
				CLANG_WARN_CONSTANT_CONVERSION = YES;
				CLANG_WARN_DEPRECATED_OBJC_IMPLEMENTATIONS = YES;
				CLANG_WARN_DIRECT_OBJC_ISA_USAGE = YES_ERROR;
				CLANG_WARN_DOCUMENTATION_COMMENTS = YES;
				CLANG_WARN_EMPTY_BODY = YES;
				CLANG_WARN_ENUM_CONVERSION = YES;
				CLANG_WARN_INFINITE_RECURSION = YES;
				CLANG_WARN_INT_CONVERSION = YES;
				CLANG_WARN_NON_LITERAL_NULL_CONVERSION = YES;
				CLANG_WARN_OBJC_IMPLICIT_RETAIN_SELF = YES;
				CLANG_WARN_OBJC_LITERAL_CONVERSION = YES;
				CLANG_WARN_OBJC_ROOT_CLASS = YES_ERROR;
				CLANG_WARN_RANGE_LOOP_ANALYSIS = YES;
				CLANG_WARN_STRICT_PROTOTYPES = YES;
				CLANG_WARN_SUSPICIOUS_MOVE = YES;
				CLANG_WARN_UNGUARDED_AVAILABILITY = YES_AGGRESSIVE;
				CLANG_WARN_UNREACHABLE_CODE = YES;
				CLANG_WARN__DUPLICATE_METHOD_MATCH = YES;
				CODE_SIGN_IDENTITY = "iPhone Developer";
				COPY_PHASE_STRIP = NO;
				DEBUG_INFORMATION_FORMAT = dwarf;
				ENABLE_STRICT_OBJC_MSGSEND = YES;
				ENABLE_TESTABILITY = YES;
				GCC_C_LANGUAGE_STANDARD = gnu11;
				GCC_DYNAMIC_NO_PIC = NO;
				GCC_NO_COMMON_BLOCKS = YES;
				GCC_OPTIMIZATION_LEVEL = 0;
				GCC_PREPROCESSOR_DEFINITIONS = (
					"DEBUG=1",
					"$(inherited)",
				);
				GCC_WARN_64_TO_32_BIT_CONVERSION = YES;
				GCC_WARN_ABOUT_RETURN_TYPE = YES_ERROR;
				GCC_WARN_UNDECLARED_SELECTOR = YES;
				GCC_WARN_UNINITIALIZED_AUTOS = YES_AGGRESSIVE;
				GCC_WARN_UNUSED_FUNCTION = YES;
				GCC_WARN_UNUSED_VARIABLE = YES;
				IPHONEOS_DEPLOYMENT_TARGET = 12.4;
				MTL_ENABLE_DEBUG_INFO = INCLUDE_SOURCE;
				MTL_FAST_MATH = YES;
				ONLY_ACTIVE_ARCH = YES;
				SDKROOT = iphoneos;
				SWIFT_ACTIVE_COMPILATION_CONDITIONS = DEBUG;
				SWIFT_OPTIMIZATION_LEVEL = "-Onone";
			};
			name = Debug;
		};
		60C716A1242FA68D0095D8D3 /* Release */ = {
			isa = XCBuildConfiguration;
			buildSettings = {
				ALWAYS_SEARCH_USER_PATHS = NO;
				CLANG_ANALYZER_NONNULL = YES;
				CLANG_ANALYZER_NUMBER_OBJECT_CONVERSION = YES_AGGRESSIVE;
				CLANG_CXX_LANGUAGE_STANDARD = "gnu++14";
				CLANG_CXX_LIBRARY = "libc++";
				CLANG_ENABLE_MODULES = YES;
				CLANG_ENABLE_OBJC_ARC = YES;
				CLANG_ENABLE_OBJC_WEAK = YES;
				CLANG_WARN_BLOCK_CAPTURE_AUTORELEASING = YES;
				CLANG_WARN_BOOL_CONVERSION = YES;
				CLANG_WARN_COMMA = YES;
				CLANG_WARN_CONSTANT_CONVERSION = YES;
				CLANG_WARN_DEPRECATED_OBJC_IMPLEMENTATIONS = YES;
				CLANG_WARN_DIRECT_OBJC_ISA_USAGE = YES_ERROR;
				CLANG_WARN_DOCUMENTATION_COMMENTS = YES;
				CLANG_WARN_EMPTY_BODY = YES;
				CLANG_WARN_ENUM_CONVERSION = YES;
				CLANG_WARN_INFINITE_RECURSION = YES;
				CLANG_WARN_INT_CONVERSION = YES;
				CLANG_WARN_NON_LITERAL_NULL_CONVERSION = YES;
				CLANG_WARN_OBJC_IMPLICIT_RETAIN_SELF = YES;
				CLANG_WARN_OBJC_LITERAL_CONVERSION = YES;
				CLANG_WARN_OBJC_ROOT_CLASS = YES_ERROR;
				CLANG_WARN_RANGE_LOOP_ANALYSIS = YES;
				CLANG_WARN_STRICT_PROTOTYPES = YES;
				CLANG_WARN_SUSPICIOUS_MOVE = YES;
				CLANG_WARN_UNGUARDED_AVAILABILITY = YES_AGGRESSIVE;
				CLANG_WARN_UNREACHABLE_CODE = YES;
				CLANG_WARN__DUPLICATE_METHOD_MATCH = YES;
				CODE_SIGN_IDENTITY = "iPhone Developer";
				COPY_PHASE_STRIP = NO;
				DEBUG_INFORMATION_FORMAT = "dwarf-with-dsym";
				ENABLE_NS_ASSERTIONS = NO;
				ENABLE_STRICT_OBJC_MSGSEND = YES;
				GCC_C_LANGUAGE_STANDARD = gnu11;
				GCC_NO_COMMON_BLOCKS = YES;
				GCC_WARN_64_TO_32_BIT_CONVERSION = YES;
				GCC_WARN_ABOUT_RETURN_TYPE = YES_ERROR;
				GCC_WARN_UNDECLARED_SELECTOR = YES;
				GCC_WARN_UNINITIALIZED_AUTOS = YES_AGGRESSIVE;
				GCC_WARN_UNUSED_FUNCTION = YES;
				GCC_WARN_UNUSED_VARIABLE = YES;
				IPHONEOS_DEPLOYMENT_TARGET = 12.4;
				MTL_ENABLE_DEBUG_INFO = NO;
				MTL_FAST_MATH = YES;
				SDKROOT = iphoneos;
				SWIFT_COMPILATION_MODE = wholemodule;
				SWIFT_OPTIMIZATION_LEVEL = "-O";
				VALIDATE_PRODUCT = YES;
			};
			name = Release;
		};
		60C716A3242FA68D0095D8D3 /* Debug */ = {
			isa = XCBuildConfiguration;
			baseConfigurationReference = 4B9E66166D84D4CE338BF69D /* Pods-YHAsynDisplayKitDemo.debug.xcconfig */;
			buildSettings = {
				ASSETCATALOG_COMPILER_APPICON_NAME = AppIcon;
				CLANG_ENABLE_MODULES = YES;
				CODE_SIGN_STYLE = Automatic;
				DEFINES_MODULE = NO;
				DEVELOPMENT_ASSET_PATHS = "";
				DEVELOPMENT_TEAM = CQ44W28Q5W;
				INFOPLIST_FILE = YHAsynDisplayKitDemo/Info.plist;
				LD_RUNPATH_SEARCH_PATHS = (
					"$(inherited)",
					"@executable_path/Frameworks",
				);
				PRODUCT_BUNDLE_IDENTIFIER = com.Yunhai.YHAsynDisplayKitDemo;
				PRODUCT_NAME = "$(TARGET_NAME)";
				SWIFT_OBJC_BRIDGING_HEADER = "YHAsynDisplayKitDemo/YHAsynDisplayKitDemo-Bridging-Header.h";
				SWIFT_OPTIMIZATION_LEVEL = "-Onone";
				SWIFT_VERSION = 5.0;
				TARGETED_DEVICE_FAMILY = "1,2";
			};
			name = Debug;
		};
		60C716A4242FA68D0095D8D3 /* Release */ = {
			isa = XCBuildConfiguration;
			baseConfigurationReference = 7560721BC8D00EB7F25BF3BA /* Pods-YHAsynDisplayKitDemo.release.xcconfig */;
			buildSettings = {
				ASSETCATALOG_COMPILER_APPICON_NAME = AppIcon;
				CLANG_ENABLE_MODULES = YES;
				CODE_SIGN_STYLE = Automatic;
				DEFINES_MODULE = NO;
				DEVELOPMENT_ASSET_PATHS = "";
				DEVELOPMENT_TEAM = CQ44W28Q5W;
				INFOPLIST_FILE = YHAsynDisplayKitDemo/Info.plist;
				LD_RUNPATH_SEARCH_PATHS = (
					"$(inherited)",
					"@executable_path/Frameworks",
				);
				PRODUCT_BUNDLE_IDENTIFIER = com.Yunhai.YHAsynDisplayKitDemo;
				PRODUCT_NAME = "$(TARGET_NAME)";
				SWIFT_OBJC_BRIDGING_HEADER = "YHAsynDisplayKitDemo/YHAsynDisplayKitDemo-Bridging-Header.h";
				SWIFT_VERSION = 5.0;
				TARGETED_DEVICE_FAMILY = "1,2";
			};
			name = Release;
		};
		60C716A6242FA68D0095D8D3 /* Debug */ = {
			isa = XCBuildConfiguration;
			buildSettings = {
				ALWAYS_EMBED_SWIFT_STANDARD_LIBRARIES = YES;
				BUNDLE_LOADER = "$(TEST_HOST)";
				CODE_SIGN_STYLE = Automatic;
				DEVELOPMENT_TEAM = CQ44W28Q5W;
				INFOPLIST_FILE = YHAsynDisplayKitDemoTests/Info.plist;
				LD_RUNPATH_SEARCH_PATHS = (
					"$(inherited)",
					"@executable_path/Frameworks",
					"@loader_path/Frameworks",
				);
				PRODUCT_BUNDLE_IDENTIFIER = com.Yunhai.YHAsynDisplayKitDemoTests;
				PRODUCT_NAME = "$(TARGET_NAME)";
				SWIFT_VERSION = 5.0;
				TARGETED_DEVICE_FAMILY = "1,2";
				TEST_HOST = "$(BUILT_PRODUCTS_DIR)/YHAsynDisplayKitDemo.app/YHAsynDisplayKitDemo";
			};
			name = Debug;
		};
		60C716A7242FA68D0095D8D3 /* Release */ = {
			isa = XCBuildConfiguration;
			buildSettings = {
				ALWAYS_EMBED_SWIFT_STANDARD_LIBRARIES = YES;
				BUNDLE_LOADER = "$(TEST_HOST)";
				CODE_SIGN_STYLE = Automatic;
				DEVELOPMENT_TEAM = CQ44W28Q5W;
				INFOPLIST_FILE = YHAsynDisplayKitDemoTests/Info.plist;
				LD_RUNPATH_SEARCH_PATHS = (
					"$(inherited)",
					"@executable_path/Frameworks",
					"@loader_path/Frameworks",
				);
				PRODUCT_BUNDLE_IDENTIFIER = com.Yunhai.YHAsynDisplayKitDemoTests;
				PRODUCT_NAME = "$(TARGET_NAME)";
				SWIFT_VERSION = 5.0;
				TARGETED_DEVICE_FAMILY = "1,2";
				TEST_HOST = "$(BUILT_PRODUCTS_DIR)/YHAsynDisplayKitDemo.app/YHAsynDisplayKitDemo";
			};
			name = Release;
		};
		60C716A9242FA68D0095D8D3 /* Debug */ = {
			isa = XCBuildConfiguration;
			buildSettings = {
				ALWAYS_EMBED_SWIFT_STANDARD_LIBRARIES = YES;
				CODE_SIGN_STYLE = Automatic;
				DEVELOPMENT_TEAM = CQ44W28Q5W;
				INFOPLIST_FILE = YHAsynDisplayKitDemoUITests/Info.plist;
				LD_RUNPATH_SEARCH_PATHS = (
					"$(inherited)",
					"@executable_path/Frameworks",
					"@loader_path/Frameworks",
				);
				PRODUCT_BUNDLE_IDENTIFIER = com.Yunhai.YHAsynDisplayKitDemoUITests;
				PRODUCT_NAME = "$(TARGET_NAME)";
				SWIFT_VERSION = 5.0;
				TARGETED_DEVICE_FAMILY = "1,2";
				TEST_TARGET_NAME = YHAsynDisplayKitDemo;
			};
			name = Debug;
		};
		60C716AA242FA68D0095D8D3 /* Release */ = {
			isa = XCBuildConfiguration;
			buildSettings = {
				ALWAYS_EMBED_SWIFT_STANDARD_LIBRARIES = YES;
				CODE_SIGN_STYLE = Automatic;
				DEVELOPMENT_TEAM = CQ44W28Q5W;
				INFOPLIST_FILE = YHAsynDisplayKitDemoUITests/Info.plist;
				LD_RUNPATH_SEARCH_PATHS = (
					"$(inherited)",
					"@executable_path/Frameworks",
					"@loader_path/Frameworks",
				);
				PRODUCT_BUNDLE_IDENTIFIER = com.Yunhai.YHAsynDisplayKitDemoUITests;
				PRODUCT_NAME = "$(TARGET_NAME)";
				SWIFT_VERSION = 5.0;
				TARGETED_DEVICE_FAMILY = "1,2";
				TEST_TARGET_NAME = YHAsynDisplayKitDemo;
			};
			name = Release;
		};
/* End XCBuildConfiguration section */

/* Begin XCConfigurationList section */
		60C71675242FA68C0095D8D3 /* Build configuration list for PBXProject "YHAsynDisplayKitDemo" */ = {
			isa = XCConfigurationList;
			buildConfigurations = (
				60C716A0242FA68D0095D8D3 /* Debug */,
				60C716A1242FA68D0095D8D3 /* Release */,
			);
			defaultConfigurationIsVisible = 0;
			defaultConfigurationName = Release;
		};
		60C716A2242FA68D0095D8D3 /* Build configuration list for PBXNativeTarget "YHAsynDisplayKitDemo" */ = {
			isa = XCConfigurationList;
			buildConfigurations = (
				60C716A3242FA68D0095D8D3 /* Debug */,
				60C716A4242FA68D0095D8D3 /* Release */,
			);
			defaultConfigurationIsVisible = 0;
			defaultConfigurationName = Release;
		};
		60C716A5242FA68D0095D8D3 /* Build configuration list for PBXNativeTarget "YHAsynDisplayKitDemoTests" */ = {
			isa = XCConfigurationList;
			buildConfigurations = (
				60C716A6242FA68D0095D8D3 /* Debug */,
				60C716A7242FA68D0095D8D3 /* Release */,
			);
			defaultConfigurationIsVisible = 0;
			defaultConfigurationName = Release;
		};
		60C716A8242FA68D0095D8D3 /* Build configuration list for PBXNativeTarget "YHAsynDisplayKitDemoUITests" */ = {
			isa = XCConfigurationList;
			buildConfigurations = (
				60C716A9242FA68D0095D8D3 /* Debug */,
				60C716AA242FA68D0095D8D3 /* Release */,
			);
			defaultConfigurationIsVisible = 0;
			defaultConfigurationName = Release;
		};
/* End XCConfigurationList section */
	};
	rootObject = 60C71672242FA68C0095D8D3 /* Project object */;
}
