PODS:
  - SDWebImage (5.7.3):
    - SDWebImage/Core (= 5.7.3)
  - SDWebImage/Core (5.7.3)
  - SnapKit (4.2.0)
  - YHAsynDisplayKit (0.0.1):
    - YHAsynDisplayKit/Core (= 0.0.1)
  - YHAsynDisplayKit/Core (0.0.1):
    - SDWebImage

DEPENDENCIES:
  - SDWebImage
  - SnapKit
  - YHAsynDisplayKit (from `../`)

SPEC REPOS:
  https://github.com/CocoaPods/Specs.git:
    - SDWebImage
    - SnapKit

EXTERNAL SOURCES:
  YHAsynDisplayKit:
    :path: "../"

SPEC CHECKSUMS:
  SDWebImage: 97351f6582ceca541ea294ba66a1fcb342a331c2
  SnapKit: fe8a619752f3f27075cc9a90244d75c6c3f27e2a
  YHAsynDisplayKit: a2cda16cf18e005a1aada8cc3178815c34cfed06

PODFILE CHECKSUM: 7bd65f9daa85230e97559244a5b4de20ad1fdf21

COCOAPODS: 1.9.0
